
Microsoft Visual Studio Solution File, Format Version 12.00
Project("{8BC9CEB8-8B4A-11D0-8D11-00A0C91BC942}") = "graphics-SDL3", "graphics-SDL3.vcxproj", "{99AA405B-DDF1-45AF-ADD0-3E3A18918D9D}"
EndProject
Global
	GlobalSection(SolutionConfigurationPlatforms) = preSolution
		Debug|Win32 = Debug|Win32
		Debug|x64 = Debug|x64
		Release|Win32 = Release|Win32
		Release|x64 = Release|x64
	EndGlobalSection
	GlobalSection(ProjectConfigurationPlatforms) = postSolution
		{99AA405B-DDF1-45AF-ADD0-3E3A18918D9D}.Debug|Win32.ActiveCfg = Debug|Win32
		{99AA405B-DDF1-45AF-ADD0-3E3A18918D9D}.Debug|Win32.Build.0 = Debug|Win32
		{99AA405B-DDF1-45AF-ADD0-3E3A18918D9D}.Debug|x64.ActiveCfg = Debug|x64
		{99AA405B-DDF1-45AF-ADD0-3E3A18918D9D}.Debug|x64.Build.0 = Debug|x64
		{99AA405B-DDF1-45AF-ADD0-3E3A18918D9D}.Release|Win32.ActiveCfg = Release|Win32
		{99AA405B-DDF1-45AF-ADD0-3E3A18918D9D}.Release|Win32.Build.0 = Release|Win32
		{99AA405B-DDF1-45AF-ADD0-3E3A18918D9D}.Release|x64.ActiveCfg = Release|x64
		{99AA405B-DDF1-45AF-ADD0-3E3A18918D9D}.Release|x64.Build.0 = Release|x64
	EndGlobalSection
EndGlobal
